
Microsoft Visual Studio Solution File, Format Version 12.00
# Visual Studio 15
VisualStudioVersion = 15.0.27004.2002
MinimumVisualStudioVersion = 10.0.40219.1
Project("{FAE04EC0-301F-11D3-BF4B-00C04F79EFBC}") = "BaNghiaShop.Common", "BaNghiaShop.Common\BaNghiaShop.Common.csproj", "{221D400B-7689-40F2-B269-63E01128D042}"
EndProject
Project("{FAE04EC0-301F-11D3-BF4B-00C04F79EFBC}") = "BaNghiaShop.Model", "BaNghiaShop.Model\BaNghiaShop.Model.csproj", "{C630AAE5-D2D7-49C6-A999-75C539A3E7D4}"
EndProject
Project("{FAE04EC0-301F-11D3-BF4B-00C04F79EFBC}") = "BaNghiaShop.Data", "BaNghiaShop.Data\BaNghiaShop.Data.csproj", "{0906519D-64BF-4B47-AB51-559D5C66419F}"
EndProject
Project("{FAE04EC0-301F-11D3-BF4B-00C04F79EFBC}") = "BaNghiaShop.Service", "BaNghiaShop.Service\BaNghiaShop.Service.csproj", "{6F852651-D503-42CE-B1D2-BBE71325F434}"
EndProject
Project("{FAE04EC0-301F-11D3-BF4B-00C04F79EFBC}") = "BaNghiaShop.Web", "BaNghiaShop.Web\BaNghiaShop.Web.csproj", "{36EF3F5A-D30F-450C-A996-8FFD317F9CAC}"
EndProject
Project("{FAE04EC0-301F-11D3-BF4B-00C04F79EFBC}") = "BaNghiaShop.Web.Tests", "BaNghiaShop.Web.Tests\BaNghiaShop.Web.Tests.csproj", "{47002B14-B08F-4F9A-A445-728EF0AFB2C8}"
EndProject
Global
	GlobalSection(SolutionConfigurationPlatforms) = preSolution
		Debug|Any CPU = Debug|Any CPU
		Release|Any CPU = Release|Any CPU
	EndGlobalSection
	GlobalSection(ProjectConfigurationPlatforms) = postSolution
		{221D400B-7689-40F2-B269-63E01128D042}.Debug|Any CPU.ActiveCfg = Debug|Any CPU
		{221D400B-7689-40F2-B269-63E01128D042}.Debug|Any CPU.Build.0 = Debug|Any CPU
		{221D400B-7689-40F2-B269-63E01128D042}.Release|Any CPU.ActiveCfg = Release|Any CPU
		{221D400B-7689-40F2-B269-63E01128D042}.Release|Any CPU.Build.0 = Release|Any CPU
		{C630AAE5-D2D7-49C6-A999-75C539A3E7D4}.Debug|Any CPU.ActiveCfg = Debug|Any CPU
		{C630AAE5-D2D7-49C6-A999-75C539A3E7D4}.Debug|Any CPU.Build.0 = Debug|Any CPU
		{C630AAE5-D2D7-49C6-A999-75C539A3E7D4}.Release|Any CPU.ActiveCfg = Release|Any CPU
		{C630AAE5-D2D7-49C6-A999-75C539A3E7D4}.Release|Any CPU.Build.0 = Release|Any CPU
		{0906519D-64BF-4B47-AB51-559D5C66419F}.Debug|Any CPU.ActiveCfg = Debug|Any CPU
		{0906519D-64BF-4B47-AB51-559D5C66419F}.Debug|Any CPU.Build.0 = Debug|Any CPU
		{0906519D-64BF-4B47-AB51-559D5C66419F}.Release|Any CPU.ActiveCfg = Release|Any CPU
		{0906519D-64BF-4B47-AB51-559D5C66419F}.Release|Any CPU.Build.0 = Release|Any CPU
		{6F852651-D503-42CE-B1D2-BBE71325F434}.Debug|Any CPU.ActiveCfg = Debug|Any CPU
		{6F852651-D503-42CE-B1D2-BBE71325F434}.Debug|Any CPU.Build.0 = Debug|Any CPU
		{6F852651-D503-42CE-B1D2-BBE71325F434}.Release|Any CPU.ActiveCfg = Release|Any CPU
		{6F852651-D503-42CE-B1D2-BBE71325F434}.Release|Any CPU.Build.0 = Release|Any CPU
		{36EF3F5A-D30F-450C-A996-8FFD317F9CAC}.Debug|Any CPU.ActiveCfg = Debug|Any CPU
		{36EF3F5A-D30F-450C-A996-8FFD317F9CAC}.Debug|Any CPU.Build.0 = Debug|Any CPU
		{36EF3F5A-D30F-450C-A996-8FFD317F9CAC}.Release|Any CPU.ActiveCfg = Release|Any CPU
		{36EF3F5A-D30F-450C-A996-8FFD317F9CAC}.Release|Any CPU.Build.0 = Release|Any CPU
		{47002B14-B08F-4F9A-A445-728EF0AFB2C8}.Debug|Any CPU.ActiveCfg = Debug|Any CPU
		{47002B14-B08F-4F9A-A445-728EF0AFB2C8}.Debug|Any CPU.Build.0 = Debug|Any CPU
		{47002B14-B08F-4F9A-A445-728EF0AFB2C8}.Release|Any CPU.ActiveCfg = Release|Any CPU
		{47002B14-B08F-4F9A-A445-728EF0AFB2C8}.Release|Any CPU.Build.0 = Release|Any CPU
	EndGlobalSection
	GlobalSection(SolutionProperties) = preSolution
		HideSolutionNode = FALSE
	EndGlobalSection
	GlobalSection(ExtensibilityGlobals) = postSolution
		SolutionGuid = {75B499CE-3E37-4815-8725-85D848FB1B8A}
	EndGlobalSection
EndGlobal
